// !$*UTF8*$!
{
	archiveVersion = 1;
	classes = {
	};
	objectVersion = 46;
	objects = {

/* Begin PBXBuildFile section */
		5E66CF6416BF866F00483E6C /* UIKit.framework in Frameworks */ = {isa = PBXBuildFile; fileRef = 5E66CF6316BF866F00483E6C /* UIKit.framework */; };
		5E66CF6616BF866F00483E6C /* Foundation.framework in Frameworks */ = {isa = PBXBuildFile; fileRef = 5E66CF6516BF866F00483E6C /* Foundation.framework */; };
		5E66CF6816BF866F00483E6C /* CoreGraphics.framework in Frameworks */ = {isa = PBXBuildFile; fileRef = 5E66CF6716BF866F00483E6C /* CoreGraphics.framework */; };
		5E66CF6E16BF866F00483E6C /* InfoPlist.strings in Resources */ = {isa = PBXBuildFile; fileRef = 5E66CF6C16BF866F00483E6C /* InfoPlist.strings */; };
		5E66CF7016BF866F00483E6C /* main.m in Sources */ = {isa = PBXBuildFile; fileRef = 5E66CF6F16BF866F00483E6C /* main.m */; };
		5E66CF7416BF866F00483E6C /* AppDelegate.m in Sources */ = {isa = PBXBuildFile; fileRef = 5E66CF7316BF866F00483E6C /* AppDelegate.m */; };
		5E66CF7616BF866F00483E6C /* Default.png in Resources */ = {isa = PBXBuildFile; fileRef = 5E66CF7516BF866F00483E6C /* Default.png */; };
		5E66CF7816BF866F00483E6C /* Default@2x.png in Resources */ = {isa = PBXBuildFile; fileRef = 5E66CF7716BF866F00483E6C /* Default@2x.png */; };
		5E66CF7A16BF866F00483E6C /* Default-568h@2x.png in Resources */ = {isa = PBXBuildFile; fileRef = 5E66CF7916BF866F00483E6C /* Default-568h@2x.png */; };
		5E66CF7D16BF866F00483E6C /* MainStoryboard.storyboard in Resources */ = {isa = PBXBuildFile; fileRef = 5E66CF7B16BF866F00483E6C /* MainStoryboard.storyboard */; };
		5E66CF8016BF866F00483E6C /* ViewController.m in Sources */ = {isa = PBXBuildFile; fileRef = 5E66CF7F16BF866F00483E6C /* ViewController.m */; };
		5E66CF8B16BF8C1D00483E6C /* Games.png in Resources */ = {isa = PBXBuildFile; fileRef = 5E66CF8916BF8C1D00483E6C /* Games.png */; };
		5E66CF8C16BF8C1D00483E6C /* rss.png in Resources */ = {isa = PBXBuildFile; fileRef = 5E66CF8A16BF8C1D00483E6C /* rss.png */; };
		5E66CF8E16BF8D6B00483E6C /* contacts01.jpg in Resources */ = {isa = PBXBuildFile; fileRef = 5E66CF8D16BF8D6B00483E6C /* contacts01.jpg */; };
		5E66CF9016BF8E6300483E6C /* iphone_0_olloly.jpg in Resources */ = {isa = PBXBuildFile; fileRef = 5E66CF8F16BF8E6300483E6C /* iphone_0_olloly.jpg */; };
		5E66CF9216BF8F2100483E6C /* IMG_0407.png in Resources */ = {isa = PBXBuildFile; fileRef = 5E66CF9116BF8F2100483E6C /* IMG_0407.png */; };
/* End PBXBuildFile section */

/* Begin PBXFileReference section */
		5E66CF6016BF866F00483E6C /* [proto 1]Smart Contact.app */ = {isa = PBXFileReference; explicitFileType = wrapper.application; includeInIndex = 0; path = "[proto 1]Smart Contact.app"; sourceTree = BUILT_PRODUCTS_DIR; };
		5E66CF6316BF866F00483E6C /* UIKit.framework */ = {isa = PBXFileReference; lastKnownFileType = wrapper.framework; name = UIKit.framework; path = System/Library/Frameworks/UIKit.framework; sourceTree = SDKROOT; };
		5E66CF6516BF866F00483E6C /* Foundation.framework */ = {isa = PBXFileReference; lastKnownFileType = wrapper.framework; name = Foundation.framework; path = System/Library/Frameworks/Foundation.framework; sourceTree = SDKROOT; };
		5E66CF6716BF866F00483E6C /* CoreGraphics.framework */ = {isa = PBXFileReference; lastKnownFileType = wrapper.framework; name = CoreGraphics.framework; path = System/Library/Frameworks/CoreGraphics.framework; sourceTree = SDKROOT; };
		5E66CF6B16BF866F00483E6C /* [proto 1]Smart Contact-Info.plist */ = {isa = PBXFileReference; lastKnownFileType = text.plist.xml; path = "[proto 1]Smart Contact-Info.plist"; sourceTree = "<group>"; };
		5E66CF6D16BF866F00483E6C /* en */ = {isa = PBXFileReference; lastKnownFileType = text.plist.strings; name = en; path = en.lproj/InfoPlist.strings; sourceTree = "<group>"; };
		5E66CF6F16BF866F00483E6C /* main.m */ = {isa = PBXFileReference; lastKnownFileType = sourcecode.c.objc; path = main.m; sourceTree = "<group>"; };
		5E66CF7116BF866F00483E6C /* [proto 1]Smart Contact-Prefix.pch */ = {isa = PBXFileReference; lastKnownFileType = sourcecode.c.h; path = "[proto 1]Smart Contact-Prefix.pch"; sourceTree = "<group>"; };
		5E66CF7216BF866F00483E6C /* AppDelegate.h */ = {isa = PBXFileReference; lastKnownFileType = sourcecode.c.h; path = AppDelegate.h; sourceTree = "<group>"; };
		5E66CF7316BF866F00483E6C /* AppDelegate.m */ = {isa = PBXFileReference; lastKnownFileType = sourcecode.c.objc; path = AppDelegate.m; sourceTree = "<group>"; };
		5E66CF7516BF866F00483E6C /* Default.png */ = {isa = PBXFileReference; lastKnownFileType = image.png; path = Default.png; sourceTree = "<group>"; };
		5E66CF7716BF866F00483E6C /* Default@2x.png */ = {isa = PBXFileReference; lastKnownFileType = image.png; path = "Default@2x.png"; sourceTree = "<group>"; };
		5E66CF7916BF866F00483E6C /* Default-568h@2x.png */ = {isa = PBXFileReference; lastKnownFileType = image.png; path = "Default-568h@2x.png"; sourceTree = "<group>"; };
		5E66CF7C16BF866F00483E6C /* en */ = {isa = PBXFileReference; lastKnownFileType = file.storyboard; name = en; path = en.lproj/MainStoryboard.storyboard; sourceTree = "<group>"; };
		5E66CF7E16BF866F00483E6C /* ViewController.h */ = {isa = PBXFileReference; lastKnownFileType = sourcecode.c.h; path = ViewController.h; sourceTree = "<group>"; };
		5E66CF7F16BF866F00483E6C /* ViewController.m */ = {isa = PBXFileReference; lastKnownFileType = sourcecode.c.objc; path = ViewController.m; sourceTree = "<group>"; };
		5E66CF8916BF8C1D00483E6C /* Games.png */ = {isa = PBXFileReference; lastKnownFileType = image.png; name = Games.png; path = menu/Games.png; sourceTree = "<group>"; };
		5E66CF8A16BF8C1D00483E6C /* rss.png */ = {isa = PBXFileReference; lastKnownFileType = image.png; name = rss.png; path = menu/rss.png; sourceTree = "<group>"; };
		5E66CF8D16BF8D6B00483E6C /* contacts01.jpg */ = {isa = PBXFileReference; lastKnownFileType = image.jpeg; name = contacts01.jpg; path = menu/contacts01.jpg; sourceTree = "<group>"; };
		5E66CF8F16BF8E6300483E6C /* iphone_0_olloly.jpg */ = {isa = PBXFileReference; lastKnownFileType = image.jpeg; name = iphone_0_olloly.jpg; path = menu/iphone_0_olloly.jpg; sourceTree = "<group>"; };
		5E66CF9116BF8F2100483E6C /* IMG_0407.png */ = {isa = PBXFileReference; lastKnownFileType = image.png; name = IMG_0407.png; path = menu/IMG_0407.png; sourceTree = "<group>"; };
/* End PBXFileReference section */

/* Begin PBXFrameworksBuildPhase section */
		5E66CF5D16BF866F00483E6C /* Frameworks */ = {
			isa = PBXFrameworksBuildPhase;
			buildActionMask = 2147483647;
			files = (
				5E66CF6416BF866F00483E6C /* UIKit.framework in Frameworks */,
				5E66CF6616BF866F00483E6C /* Foundation.framework in Frameworks */,
				5E66CF6816BF866F00483E6C /* CoreGraphics.framework in Frameworks */,
			);
			runOnlyForDeploymentPostprocessing = 0;
		};
/* End PBXFrameworksBuildPhase section */

/* Begin PBXGroup section */
		5E66CF5716BF866F00483E6C = {
			isa = PBXGroup;
			children = (
				5E66CF6916BF866F00483E6C /* [proto 1]Smart Contact */,
				5E66CF8616BF8BFE00483E6C /* img */,
				5E66CF6216BF866F00483E6C /* Frameworks */,
				5E66CF6116BF866F00483E6C /* Products */,
			);
			sourceTree = "<group>";
		};
		5E66CF6116BF866F00483E6C /* Products */ = {
			isa = PBXGroup;
			children = (
				5E66CF6016BF866F00483E6C /* [proto 1]Smart Contact.app */,
			);
			name = Products;
			sourceTree = "<group>";
		};
		5E66CF6216BF866F00483E6C /* Frameworks */ = {
			isa = PBXGroup;
			children = (
				5E66CF6316BF866F00483E6C /* UIKit.framework */,
				5E66CF6516BF866F00483E6C /* Foundation.framework */,
				5E66CF6716BF866F00483E6C /* CoreGraphics.framework */,
			);
			name = Frameworks;
			sourceTree = "<group>";
		};
		5E66CF6916BF866F00483E6C /* [proto 1]Smart Contact */ = {
			isa = PBXGroup;
			children = (
				5E66CF7216BF866F00483E6C /* AppDelegate.h */,
				5E66CF7316BF866F00483E6C /* AppDelegate.m */,
				5E66CF7B16BF866F00483E6C /* MainStoryboard.storyboard */,
				5E66CF7E16BF866F00483E6C /* ViewController.h */,
				5E66CF7F16BF866F00483E6C /* ViewController.m */,
				5E66CF6A16BF866F00483E6C /* Supporting Files */,
			);
			path = "[proto 1]Smart Contact";
			sourceTree = "<group>";
		};
		5E66CF6A16BF866F00483E6C /* Supporting Files */ = {
			isa = PBXGroup;
			children = (
				5E66CF6B16BF866F00483E6C /* [proto 1]Smart Contact-Info.plist */,
				5E66CF6C16BF866F00483E6C /* InfoPlist.strings */,
				5E66CF6F16BF866F00483E6C /* main.m */,
				5E66CF7116BF866F00483E6C /* [proto 1]Smart Contact-Prefix.pch */,
				5E66CF7516BF866F00483E6C /* Default.png */,
				5E66CF7716BF866F00483E6C /* Default@2x.png */,
				5E66CF7916BF866F00483E6C /* Default-568h@2x.png */,
			);
			name = "Supporting Files";
			sourceTree = "<group>";
		};
		5E66CF8616BF8BFE00483E6C /* img */ = {
			isa = PBXGroup;
			children = (
				5E66CF8716BF8C0B00483E6C /* menu */,
			);
			name = img;
			path = "[proto 1]Smart Contact";
			sourceTree = "<group>";
		};
		5E66CF8716BF8C0B00483E6C /* menu */ = {
			isa = PBXGroup;
			children = (
				5E66CF9116BF8F2100483E6C /* IMG_0407.png */,
				5E66CF8F16BF8E6300483E6C /* iphone_0_olloly.jpg */,
				5E66CF8D16BF8D6B00483E6C /* contacts01.jpg */,
				5E66CF8916BF8C1D00483E6C /* Games.png */,
				5E66CF8A16BF8C1D00483E6C /* rss.png */,
			);
			name = menu;
			sourceTree = "<group>";
		};
/* End PBXGroup section */

/* Begin PBXNativeTarget section */
		5E66CF5F16BF866F00483E6C /* [proto 1]Smart Contact */ = {
			isa = PBXNativeTarget;
			buildConfigurationList = 5E66CF8316BF866F00483E6C /* Build configuration list for PBXNativeTarget "[proto 1]Smart Contact" */;
			buildPhases = (
				5E66CF5C16BF866F00483E6C /* Sources */,
				5E66CF5D16BF866F00483E6C /* Frameworks */,
				5E66CF5E16BF866F00483E6C /* Resources */,
			);
			buildRules = (
			);
			dependencies = (
			);
			name = "[proto 1]Smart Contact";
			productName = "[proto 1]Smart Contact";
			productReference = 5E66CF6016BF866F00483E6C /* [proto 1]Smart Contact.app */;
			productType = "com.apple.product-type.application";
		};
/* End PBXNativeTarget section */

/* Begin PBXProject section */
		5E66CF5816BF866F00483E6C /* Project object */ = {
			isa = PBXProject;
			attributes = {
				LastUpgradeCheck = 0460;
				ORGANIZATIONNAME = sonnet;
			};
			buildConfigurationList = 5E66CF5B16BF866F00483E6C /* Build configuration list for PBXProject "[proto 1]Smart Contact" */;
			compatibilityVersion = "Xcode 3.2";
			developmentRegion = English;
			hasScannedForEncodings = 0;
			knownRegions = (
				en,
			);
			mainGroup = 5E66CF5716BF866F00483E6C;
			productRefGroup = 5E66CF6116BF866F00483E6C /* Products */;
			projectDirPath = "";
			projectRoot = "";
			targets = (
				5E66CF5F16BF866F00483E6C /* [proto 1]Smart Contact */,
			);
		};
/* End PBXProject section */

/* Begin PBXResourcesBuildPhase section */
		5E66CF5E16BF866F00483E6C /* Resources */ = {
			isa = PBXResourcesBuildPhase;
			buildActionMask = 2147483647;
			files = (
				5E66CF6E16BF866F00483E6C /* InfoPlist.strings in Resources */,
				5E66CF7616BF866F00483E6C /* Default.png in Resources */,
				5E66CF7816BF866F00483E6C /* Default@2x.png in Resources */,
				5E66CF7A16BF866F00483E6C /* Default-568h@2x.png in Resources */,
				5E66CF7D16BF866F00483E6C /* MainStoryboard.storyboard in Resources */,
				5E66CF8B16BF8C1D00483E6C /* Games.png in Resources */,
				5E66CF8C16BF8C1D00483E6C /* rss.png in Resources */,
				5E66CF8E16BF8D6B00483E6C /* contacts01.jpg in Resources */,
				5E66CF9016BF8E6300483E6C /* iphone_0_olloly.jpg in Resources */,
				5E66CF9216BF8F2100483E6C /* IMG_0407.png in Resources */,
			);
			runOnlyForDeploymentPostprocessing = 0;
		};
/* End PBXResourcesBuildPhase section */

/* Begin PBXSourcesBuildPhase section */
		5E66CF5C16BF866F00483E6C /* Sources */ = {
			isa = PBXSourcesBuildPhase;
			buildActionMask = 2147483647;
			files = (
				5E66CF7016BF866F00483E6C /* main.m in Sources */,
				5E66CF7416BF866F00483E6C /* AppDelegate.m in Sources */,
				5E66CF8016BF866F00483E6C /* ViewController.m in Sources */,
			);
			runOnlyForDeploymentPostprocessing = 0;
		};
/* End PBXSourcesBuildPhase section */

/* Begin PBXVariantGroup section */
		5E66CF6C16BF866F00483E6C /* InfoPlist.strings */ = {
			isa = PBXVariantGroup;
			children = (
				5E66CF6D16BF866F00483E6C /* en */,
			);
			name = InfoPlist.strings;
			sourceTree = "<group>";
		};
		5E66CF7B16BF866F00483E6C /* MainStoryboard.storyboard */ = {
			isa = PBXVariantGroup;
			children = (
				5E66CF7C16BF866F00483E6C /* en */,
			);
			name = MainStoryboard.storyboard;
			sourceTree = "<group>";
		};
/* End PBXVariantGroup section */

/* Begin XCBuildConfiguration section */
		5E66CF8116BF866F00483E6C /* Debug */ = {
			isa = XCBuildConfiguration;
			buildSettings = {
				ALWAYS_SEARCH_USER_PATHS = NO;
				CLANG_CXX_LANGUAGE_STANDARD = "gnu++0x";
				CLANG_CXX_LIBRARY = "libc++";
				CLANG_WARN_CONSTANT_CONVERSION = YES;
				CLANG_WARN_EMPTY_BODY = YES;
				CLANG_WARN_ENUM_CONVERSION = YES;
				CLANG_WARN_INT_CONVERSION = YES;
				CLANG_WARN__DUPLICATE_METHOD_MATCH = YES;
				"CODE_SIGN_IDENTITY[sdk=iphoneos*]" = "iPhone Developer";
				COPY_PHASE_STRIP = NO;
				GCC_C_LANGUAGE_STANDARD = gnu99;
				GCC_DYNAMIC_NO_PIC = NO;
				GCC_OPTIMIZATION_LEVEL = 0;
				GCC_PREPROCESSOR_DEFINITIONS = (
					"DEBUG=1",
					"$(inherited)",
				);
				GCC_SYMBOLS_PRIVATE_EXTERN = NO;
				GCC_WARN_ABOUT_RETURN_TYPE = YES;
				GCC_WARN_UNINITIALIZED_AUTOS = YES;
				GCC_WARN_UNUSED_VARIABLE = YES;
				IPHONEOS_DEPLOYMENT_TARGET = 6.1;
				ONLY_ACTIVE_ARCH = YES;
				SDKROOT = iphoneos;
			};
			name = Debug;
		};
		5E66CF8216BF866F00483E6C /* Release */ = {
			isa = XCBuildConfiguration;
			buildSettings = {
				ALWAYS_SEARCH_USER_PATHS = NO;
				CLANG_CXX_LANGUAGE_STANDARD = "gnu++0x";
				CLANG_CXX_LIBRARY = "libc++";
				CLANG_WARN_CONSTANT_CONVERSION = YES;
				CLANG_WARN_EMPTY_BODY = YES;
				CLANG_WARN_ENUM_CONVERSION = YES;
				CLANG_WARN_INT_CONVERSION = YES;
				CLANG_WARN__DUPLICATE_METHOD_MATCH = YES;
				"CODE_SIGN_IDENTITY[sdk=iphoneos*]" = "iPhone Developer";
				COPY_PHASE_STRIP = YES;
				GCC_C_LANGUAGE_STANDARD = gnu99;
				GCC_WARN_ABOUT_RETURN_TYPE = YES;
				GCC_WARN_UNINITIALIZED_AUTOS = YES;
				GCC_WARN_UNUSED_VARIABLE = YES;
				IPHONEOS_DEPLOYMENT_TARGET = 6.1;
				OTHER_CFLAGS = "-DNS_BLOCK_ASSERTIONS=1";
				SDKROOT = iphoneos;
				VALIDATE_PRODUCT = YES;
			};
			name = Release;
		};
		5E66CF8416BF866F00483E6C /* Debug */ = {
			isa = XCBuildConfiguration;
			buildSettings = {
				GCC_PRECOMPILE_PREFIX_HEADER = YES;
				GCC_PREFIX_HEADER = "[proto 1]Smart Contact/[proto 1]Smart Contact-Prefix.pch";
				INFOPLIST_FILE = "[proto 1]Smart Contact/[proto 1]Smart Contact-Info.plist";
				PRODUCT_NAME = "$(TARGET_NAME)";
				WRAPPER_EXTENSION = app;
			};
			name = Debug;
		};
		5E66CF8516BF866F00483E6C /* Release */ = {
			isa = XCBuildConfiguration;
			buildSettings = {
				GCC_PRECOMPILE_PREFIX_HEADER = YES;
				GCC_PREFIX_HEADER = "[proto 1]Smart Contact/[proto 1]Smart Contact-Prefix.pch";
				INFOPLIST_FILE = "[proto 1]Smart Contact/[proto 1]Smart Contact-Info.plist";
				PRODUCT_NAME = "$(TARGET_NAME)";
				WRAPPER_EXTENSION = app;
			};
			name = Release;
		};
/* End XCBuildConfiguration section */

/* Begin XCConfigurationList section */
		5E66CF5B16BF866F00483E6C /* Build configuration list for PBXProject "[proto 1]Smart Contact" */ = {
			isa = XCConfigurationList;
			buildConfigurations = (
				5E66CF8116BF866F00483E6C /* Debug */,
				5E66CF8216BF866F00483E6C /* Release */,
			);
			defaultConfigurationIsVisible = 0;
			defaultConfigurationName = Release;
		};
		5E66CF8316BF866F00483E6C /* Build configuration list for PBXNativeTarget "[proto 1]Smart Contact" */ = {
			isa = XCConfigurationList;
			buildConfigurations = (
				5E66CF8416BF866F00483E6C /* Debug */,
				5E66CF8516BF866F00483E6C /* Release */,
			);
			defaultConfigurationIsVisible = 0;
			defaultConfigurationName = Release;
		};
/* End XCConfigurationList section */
	};
	rootObject = 5E66CF5816BF866F00483E6C /* Project object */;
}
